hash: f53f9fd364739d900c113f882b7d673789decdba9348e3f6934a79bf2df4a875
updated: 2018-03-29T00:26:21.807236+07:00
imports:
- name: github.com/gorilla/context
  version: 08b5f424b9271eedf6f9f0ce86cb9396ed337a42
- name: github.com/gorilla/securecookie
  version: e59506cc896acb7f7bf732d4fdf5e25f7ccd8983
- name: github.com/gorilla/sessions
  version: ca9ada44574153444b00d3fd9c8559e4cc95f896
testImports: []
